// !$*UTF8*$!
{
	archiveVersion = 1;
	classes = {
	};
	objectVersion = 46;
	objects = {

/* Begin PBXBuildFile section */
		DA29BAF51D812B430054E0BB /* AppDelegate.swift in Sources */ = {isa = PBXBuildFile; fileRef = DA29BAF41D812B430054E0BB /* AppDelegate.swift */; };
		DA29BAF71D812B430054E0BB /* ConnectViewController.swift in Sources */ = {isa = PBXBuildFile; fileRef = DA29BAF61D812B430054E0BB /* ConnectViewController.swift */; };
		DA29BAF91D812B430054E0BB /* NewsViewController.swift in Sources */ = {isa = PBXBuildFile; fileRef = DA29BAF81D812B430054E0BB /* NewsViewController.swift */; };
		DA29BAFC1D812B430054E0BB /* Main.storyboard in Resources */ = {isa = PBXBuildFile; fileRef = DA29BAFA1D812B430054E0BB /* Main.storyboard */; };
		DA29BAFE1D812B430054E0BB /* Assets.xcassets in Resources */ = {isa = PBXBuildFile; fileRef = DA29BAFD1D812B430054E0BB /* Assets.xcassets */; };
		DA29BB011D812B430054E0BB /* LaunchScreen.storyboard in Resources */ = {isa = PBXBuildFile; fileRef = DA29BAFF1D812B430054E0BB /* LaunchScreen.storyboard */; };
		DA29BB0C1D812B430054E0BB /* GratuitypTests.swift in Sources */ = {isa = PBXBuildFile; fileRef = DA29BB0B1D812B430054E0BB /* GratuitypTests.swift */; };
		DA29BB171D812B430054E0BB /* GratuitypUITests.swift in Sources */ = {isa = PBXBuildFile; fileRef = DA29BB161D812B430054E0BB /* GratuitypUITests.swift */; };
		DA29BB431D812CC70054E0BB /* Icons in Resources */ = {isa = PBXBuildFile; fileRef = DA29BB421D812CC70054E0BB /* Icons */; };
		DA29BB471D812CF90054E0BB /* Images in Resources */ = {isa = PBXBuildFile; fileRef = DA29BB461D812CF90054E0BB /* Images */; };
		DAA67DD11D841993000F1160 /* Tips.jpg in Resources */ = {isa = PBXBuildFile; fileRef = DAA67DD01D841993000F1160 /* Tips.jpg */; };
		DAD1C41C1D82BBDB008D4055 /* connect.png in Resources */ = {isa = PBXBuildFile; fileRef = DAD1C41B1D82BBDB008D4055 /* connect.png */; };
		DAD1C41E1D82BC54008D4055 /* network.png in Resources */ = {isa = PBXBuildFile; fileRef = DAD1C41D1D82BC54008D4055 /* network.png */; };
		DAD1C4221D82BCC4008D4055 /* profile.png in Resources */ = {isa = PBXBuildFile; fileRef = DAD1C4211D82BCC4008D4055 /* profile.png */; };
		DAD1C4261D82BD76008D4055 /* news.png in Resources */ = {isa = PBXBuildFile; fileRef = DAD1C4251D82BD76008D4055 /* news.png */; };
		DAD1C4281D82BE12008D4055 /* rewards.png in Resources */ = {isa = PBXBuildFile; fileRef = DAD1C4271D82BE12008D4055 /* rewards.png */; };
		DAD1C42A1D82BE3E008D4055 /* tips.png in Resources */ = {isa = PBXBuildFile; fileRef = DAD1C4291D82BE3E008D4055 /* tips.png */; };
		DAF2CD2A1D8282C100C2C0FD /* RewardViewController.swift in Sources */ = {isa = PBXBuildFile; fileRef = DAF2CD291D8282C100C2C0FD /* RewardViewController.swift */; };
		DAF2CD2C1D82830A00C2C0FD /* TipsViewController.swift in Sources */ = {isa = PBXBuildFile; fileRef = DAF2CD2B1D82830A00C2C0FD /* TipsViewController.swift */; };
		DAF2CD2E1D82834D00C2C0FD /* NetworkViewController.swift in Sources */ = {isa = PBXBuildFile; fileRef = DAF2CD2D1D82834D00C2C0FD /* NetworkViewController.swift */; };
/* End PBXBuildFile section */

/* Begin PBXContainerItemProxy section */
		DA29BB081D812B430054E0BB /* PBXContainerItemProxy */ = {
			isa = PBXContainerItemProxy;
			containerPortal = DA29BAE91D812B430054E0BB /* Project object */;
			proxyType = 1;
			remoteGlobalIDString = DA29BAF01D812B430054E0BB;
			remoteInfo = Gratuityp;
		};
		DA29BB131D812B430054E0BB /* PBXContainerItemProxy */ = {
			isa = PBXContainerItemProxy;
			containerPortal = DA29BAE91D812B430054E0BB /* Project object */;
			proxyType = 1;
			remoteGlobalIDString = DA29BAF01D812B430054E0BB;
			remoteInfo = Gratuityp;
		};
/* End PBXContainerItemProxy section */

/* Begin PBXFileReference section */
		DA29BAF11D812B430054E0BB /* Gratuityp.app */ = {isa = PBXFileReference; explicitFileType = wrapper.application; includeInIndex = 0; path = Gratuityp.app; sourceTree = BUILT_PRODUCTS_DIR; };
		DA29BAF41D812B430054E0BB /* AppDelegate.swift */ = {isa = PBXFileReference; lastKnownFileType = sourcecode.swift; path = AppDelegate.swift; sourceTree = "<group>"; };
		DA29BAF61D812B430054E0BB /* ConnectViewController.swift */ = {isa = PBXFileReference; lastKnownFileType = sourcecode.swift; path = ConnectViewController.swift; sourceTree = "<group>"; };
		DA29BAF81D812B430054E0BB /* NewsViewController.swift */ = {isa = PBXFileReference; lastKnownFileType = sourcecode.swift; path = NewsViewController.swift; sourceTree = "<group>"; };
		DA29BAFB1D812B430054E0BB /* Base */ = {isa = PBXFileReference; lastKnownFileType = file.storyboard; name = Base; path = Base.lproj/Main.storyboard; sourceTree = "<group>"; };
		DA29BAFD1D812B430054E0BB /* Assets.xcassets */ = {isa = PBXFileReference; lastKnownFileType = folder.assetcatalog; path = Assets.xcassets; sourceTree = "<group>"; };
		DA29BB001D812B430054E0BB /* Base */ = {isa = PBXFileReference; lastKnownFileType = file.storyboard; name = Base; path = Base.lproj/LaunchScreen.storyboard; sourceTree = "<group>"; };
		DA29BB021D812B430054E0BB /* Info.plist */ = {isa = PBXFileReference; lastKnownFileType = text.plist.xml; path = Info.plist; sourceTree = "<group>"; };
		DA29BB071D812B430054E0BB /* GratuitypTests.xctest */ = {isa = PBXFileReference; explicitFileType = wrapper.cfbundle; includeInIndex = 0; path = GratuitypTests.xctest; sourceTree = BUILT_PRODUCTS_DIR; };
		DA29BB0B1D812B430054E0BB /* GratuitypTests.swift */ = {isa = PBXFileReference; lastKnownFileType = sourcecode.swift; path = GratuitypTests.swift; sourceTree = "<group>"; };
		DA29BB0D1D812B430054E0BB /* Info.plist */ = {isa = PBXFileReference; lastKnownFileType = text.plist.xml; path = Info.plist; sourceTree = "<group>"; };
		DA29BB121D812B430054E0BB /* GratuitypUITests.xctest */ = {isa = PBXFileReference; explicitFileType = wrapper.cfbundle; includeInIndex = 0; path = GratuitypUITests.xctest; sourceTree = BUILT_PRODUCTS_DIR; };
		DA29BB161D812B430054E0BB /* GratuitypUITests.swift */ = {isa = PBXFileReference; lastKnownFileType = sourcecode.swift; path = GratuitypUITests.swift; sourceTree = "<group>"; };
		DA29BB181D812B430054E0BB /* Info.plist */ = {isa = PBXFileReference; lastKnownFileType = text.plist.xml; path = Info.plist; sourceTree = "<group>"; };
		DA29BB421D812CC70054E0BB /* Icons */ = {isa = PBXFileReference; lastKnownFileType = folder; path = Icons; sourceTree = "<group>"; };
		DA29BB461D812CF90054E0BB /* Images */ = {isa = PBXFileReference; lastKnownFileType = folder; path = Images; sourceTree = "<group>"; };
		DAA67DD01D841993000F1160 /* Tips.jpg */ = {isa = PBXFileReference; lastKnownFileType = image.jpeg; name = Tips.jpg; path = Gratuityp/Images/Tips.jpg; sourceTree = "<group>"; };
		DAD1C41B1D82BBDB008D4055 /* connect.png */ = {isa = PBXFileReference; lastKnownFileType = image.png; path = connect.png; sourceTree = "<group>"; };
		DAD1C41D1D82BC54008D4055 /* network.png */ = {isa = PBXFileReference; lastKnownFileType = image.png; path = network.png; sourceTree = "<group>"; };
		DAD1C4211D82BCC4008D4055 /* profile.png */ = {isa = PBXFileReference; lastKnownFileType = image.png; path = profile.png; sourceTree = "<group>"; };
		DAD1C4251D82BD76008D4055 /* news.png */ = {isa = PBXFileReference; lastKnownFileType = image.png; path = news.png; sourceTree = "<group>"; };
		DAD1C4271D82BE12008D4055 /* rewards.png */ = {isa = PBXFileReference; lastKnownFileType = image.png; path = rewards.png; sourceTree = "<group>"; };
		DAD1C4291D82BE3E008D4055 /* tips.png */ = {isa = PBXFileReference; lastKnownFileType = image.png; path = tips.png; sourceTree = "<group>"; };
		DAF2CD291D8282C100C2C0FD /* RewardViewController.swift */ = {isa = PBXFileReference; fileEncoding = 4; lastKnownFileType = sourcecode.swift; path = RewardViewController.swift; sourceTree = "<group>"; };
		DAF2CD2B1D82830A00C2C0FD /* TipsViewController.swift */ = {isa = PBXFileReference; fileEncoding = 4; lastKnownFileType = sourcecode.swift; path = TipsViewController.swift; sourceTree = "<group>"; };
		DAF2CD2D1D82834D00C2C0FD /* NetworkViewController.swift */ = {isa = PBXFileReference; fileEncoding = 4; lastKnownFileType = sourcecode.swift; path = NetworkViewController.swift; sourceTree = "<group>"; };
/* End PBXFileReference section */

/* Begin PBXFrameworksBuildPhase section */
		DA29BAEE1D812B430054E0BB /* Frameworks */ = {
			isa = PBXFrameworksBuildPhase;
			buildActionMask = 2147483647;
			files = (
			);
			runOnlyForDeploymentPostprocessing = 0;
		};
		DA29BB041D812B430054E0BB /* Frameworks */ = {
			isa = PBXFrameworksBuildPhase;
			buildActionMask = 2147483647;
			files = (
			);
			runOnlyForDeploymentPostprocessing = 0;
		};
		DA29BB0F1D812B430054E0BB /* Frameworks */ = {
			isa = PBXFrameworksBuildPhase;
			buildActionMask = 2147483647;
			files = (
			);
			runOnlyForDeploymentPostprocessing = 0;
		};
/* End PBXFrameworksBuildPhase section */

/* Begin PBXGroup section */
		DA29BAE81D812B430054E0BB = {
			isa = PBXGroup;
			children = (
				DAA67DD01D841993000F1160 /* Tips.jpg */,
				DA29BAF31D812B430054E0BB /* Gratuityp */,
				DA29BB0A1D812B430054E0BB /* GratuitypTests */,
				DA29BB151D812B430054E0BB /* GratuitypUITests */,
				DA29BAF21D812B430054E0BB /* Products */,
			);
			sourceTree = "<group>";
		};
		DA29BAF21D812B430054E0BB /* Products */ = {
			isa = PBXGroup;
			children = (
				DA29BAF11D812B430054E0BB /* Gratuityp.app */,
				DA29BB071D812B430054E0BB /* GratuitypTests.xctest */,
				DA29BB121D812B430054E0BB /* GratuitypUITests.xctest */,
			);
			name = Products;
			sourceTree = "<group>";
		};
		DA29BAF31D812B430054E0BB /* Gratuityp */ = {
			isa = PBXGroup;
			children = (
				DAD1C41A1D82BBC6008D4055 /* TabIcons */,
				DA29BB461D812CF90054E0BB /* Images */,
				DA29BB421D812CC70054E0BB /* Icons */,
				DA29BAF41D812B430054E0BB /* AppDelegate.swift */,
				DA29BAF61D812B430054E0BB /* ConnectViewController.swift */,
				DAF2CD291D8282C100C2C0FD /* RewardViewController.swift */,
				DA29BAF81D812B430054E0BB /* NewsViewController.swift */,
				DA29BAFA1D812B430054E0BB /* Main.storyboard */,
				DAF2CD2D1D82834D00C2C0FD /* NetworkViewController.swift */,
				DAF2CD2B1D82830A00C2C0FD /* TipsViewController.swift */,
				DA29BAFD1D812B430054E0BB /* Assets.xcassets */,
				DA29BAFF1D812B430054E0BB /* LaunchScreen.storyboard */,
				DA29BB021D812B430054E0BB /* Info.plist */,
			);
			path = Gratuityp;
			sourceTree = "<group>";
		};
		DA29BB0A1D812B430054E0BB /* GratuitypTests */ = {
			isa = PBXGroup;
			children = (
				DA29BB0B1D812B430054E0BB /* GratuitypTests.swift */,
				DA29BB0D1D812B430054E0BB /* Info.plist */,
			);
			path = GratuitypTests;
			sourceTree = "<group>";
		};
		DA29BB151D812B430054E0BB /* GratuitypUITests */ = {
			isa = PBXGroup;
			children = (
				DA29BB161D812B430054E0BB /* GratuitypUITests.swift */,
				DA29BB181D812B430054E0BB /* Info.plist */,
			);
			path = GratuitypUITests;
			sourceTree = "<group>";
		};
		DAD1C41A1D82BBC6008D4055 /* TabIcons */ = {
			isa = PBXGroup;
			children = (
				DAD1C4251D82BD76008D4055 /* news.png */,
				DAD1C41B1D82BBDB008D4055 /* connect.png */,
				DAD1C41D1D82BC54008D4055 /* network.png */,
				DAD1C4211D82BCC4008D4055 /* profile.png */,
				DAD1C4291D82BE3E008D4055 /* tips.png */,
				DAD1C4271D82BE12008D4055 /* rewards.png */,
			);
			name = TabIcons;
			sourceTree = "<group>";
		};
/* End PBXGroup section */

/* Begin PBXNativeTarget section */
		DA29BAF01D812B430054E0BB /* Gratuityp */ = {
			isa = PBXNativeTarget;
			buildConfigurationList = DA29BB1B1D812B430054E0BB /* Build configuration list for PBXNativeTarget "Gratuityp" */;
			buildPhases = (
				DA29BAED1D812B430054E0BB /* Sources */,
				DA29BAEE1D812B430054E0BB /* Frameworks */,
				DA29BAEF1D812B430054E0BB /* Resources */,
			);
			buildRules = (
			);
			dependencies = (
			);
			name = Gratuityp;
			productName = Gratuityp;
			productReference = DA29BAF11D812B430054E0BB /* Gratuityp.app */;
			productType = "com.apple.product-type.application";
		};
		DA29BB061D812B430054E0BB /* GratuitypTests */ = {
			isa = PBXNativeTarget;
			buildConfigurationList = DA29BB1E1D812B430054E0BB /* Build configuration list for PBXNativeTarget "GratuitypTests" */;
			buildPhases = (
				DA29BB031D812B430054E0BB /* Sources */,
				DA29BB041D812B430054E0BB /* Frameworks */,
				DA29BB051D812B430054E0BB /* Resources */,
			);
			buildRules = (
			);
			dependencies = (
				DA29BB091D812B430054E0BB /* PBXTargetDependency */,
			);
			name = GratuitypTests;
			productName = GratuitypTests;
			productReference = DA29BB071D812B430054E0BB /* GratuitypTests.xctest */;
			productType = "com.apple.product-type.bundle.unit-test";
		};
		DA29BB111D812B430054E0BB /* GratuitypUITests */ = {
			isa = PBXNativeTarget;
			buildConfigurationList = DA29BB211D812B430054E0BB /* Build configuration list for PBXNativeTarget "GratuitypUITests" */;
			buildPhases = (
				DA29BB0E1D812B430054E0BB /* Sources */,
				DA29BB0F1D812B430054E0BB /* Frameworks */,
				DA29BB101D812B430054E0BB /* Resources */,
			);
			buildRules = (
			);
			dependencies = (
				DA29BB141D812B430054E0BB /* PBXTargetDependency */,
			);
			name = GratuitypUITests;
			productName = GratuitypUITests;
			productReference = DA29BB121D812B430054E0BB /* GratuitypUITests.xctest */;
			productType = "com.apple.product-type.bundle.ui-testing";
		};
/* End PBXNativeTarget section */

/* Begin PBXProject section */
		DA29BAE91D812B430054E0BB /* Project object */ = {
			isa = PBXProject;
			attributes = {
				LastSwiftUpdateCheck = 0730;
				LastUpgradeCheck = 0730;
				ORGANIZATIONNAME = "Paul Keller";
				TargetAttributes = {
					DA29BAF01D812B430054E0BB = {
						CreatedOnToolsVersion = 7.3.1;
						DevelopmentTeam = 6CGSY8527L;
					};
					DA29BB061D812B430054E0BB = {
						CreatedOnToolsVersion = 7.3.1;
						TestTargetID = DA29BAF01D812B430054E0BB;
					};
					DA29BB111D812B430054E0BB = {
						CreatedOnToolsVersion = 7.3.1;
						TestTargetID = DA29BAF01D812B430054E0BB;
					};
				};
			};
			buildConfigurationList = DA29BAEC1D812B430054E0BB /* Build configuration list for PBXProject "Gratuityp" */;
			compatibilityVersion = "Xcode 3.2";
			developmentRegion = English;
			hasScannedForEncodings = 0;
			knownRegions = (
				en,
				Base,
			);
			mainGroup = DA29BAE81D812B430054E0BB;
			productRefGroup = DA29BAF21D812B430054E0BB /* Products */;
			projectDirPath = "";
			projectRoot = "";
			targets = (
				DA29BAF01D812B430054E0BB /* Gratuityp */,
				DA29BB061D812B430054E0BB /* GratuitypTests */,
				DA29BB111D812B430054E0BB /* GratuitypUITests */,
			);
		};
/* End PBXProject section */

/* Begin PBXResourcesBuildPhase section */
		DA29BAEF1D812B430054E0BB /* Resources */ = {
			isa = PBXResourcesBuildPhase;
			buildActionMask = 2147483647;
			files = (
				DA29BB471D812CF90054E0BB /* Images in Resources */,
				DA29BB011D812B430054E0BB /* LaunchScreen.storyboard in Resources */,
				DAD1C41E1D82BC54008D4055 /* network.png in Resources */,
				DA29BB431D812CC70054E0BB /* Icons in Resources */,
				DAD1C4221D82BCC4008D4055 /* profile.png in Resources */,
				DAD1C4281D82BE12008D4055 /* rewards.png in Resources */,
				DA29BAFE1D812B430054E0BB /* Assets.xcassets in Resources */,
				DAD1C42A1D82BE3E008D4055 /* tips.png in Resources */,
				DA29BAFC1D812B430054E0BB /* Main.storyboard in Resources */,
				DAD1C4261D82BD76008D4055 /* news.png in Resources */,
				DAD1C41C1D82BBDB008D4055 /* connect.png in Resources */,
				DAA67DD11D841993000F1160 /* Tips.jpg in Resources */,
			);
			runOnlyForDeploymentPostprocessing = 0;
		};
		DA29BB051D812B430054E0BB /* Resources */ = {
			isa = PBXResourcesBuildPhase;
			buildActionMask = 2147483647;
			files = (
			);
			runOnlyForDeploymentPostprocessing = 0;
		};
		DA29BB101D812B430054E0BB /* Resources */ = {
			isa = PBXResourcesBuildPhase;
			buildActionMask = 2147483647;
			files = (
			);
			runOnlyForDeploymentPostprocessing = 0;
		};
/* End PBXResourcesBuildPhase section */

/* Begin PBXSourcesBuildPhase section */
		DA29BAED1D812B430054E0BB /* Sources */ = {
			isa = PBXSourcesBuildPhase;
			buildActionMask = 2147483647;
			files = (
				DA29BAF91D812B430054E0BB /* NewsViewController.swift in Sources */,
				DAF2CD2E1D82834D00C2C0FD /* NetworkViewController.swift in Sources */,
				DAF2CD2C1D82830A00C2C0FD /* TipsViewController.swift in Sources */,
				DAF2CD2A1D8282C100C2C0FD /* RewardViewController.swift in Sources */,
				DA29BAF51D812B430054E0BB /* AppDelegate.swift in Sources */,
				DA29BAF71D812B430054E0BB /* ConnectViewController.swift in Sources */,
			);
			runOnlyForDeploymentPostprocessing = 0;
		};
		DA29BB031D812B430054E0BB /* Sources */ = {
			isa = PBXSourcesBuildPhase;
			buildActionMask = 2147483647;
			files = (
				DA29BB0C1D812B430054E0BB /* GratuitypTests.swift in Sources */,
			);
			runOnlyForDeploymentPostprocessing = 0;
		};
		DA29BB0E1D812B430054E0BB /* Sources */ = {
			isa = PBXSourcesBuildPhase;
			buildActionMask = 2147483647;
			files = (
				DA29BB171D812B430054E0BB /* GratuitypUITests.swift in Sources */,
			);
			runOnlyForDeploymentPostprocessing = 0;
		};
/* End PBXSourcesBuildPhase section */

/* Begin PBXTargetDependency section */
		DA29BB091D812B430054E0BB /* PBXTargetDependency */ = {
			isa = PBXTargetDependency;
			target = DA29BAF01D812B430054E0BB /* Gratuityp */;
			targetProxy = DA29BB081D812B430054E0BB /* PBXContainerItemProxy */;
		};
		DA29BB141D812B430054E0BB /* PBXTargetDependency */ = {
			isa = PBXTargetDependency;
			target = DA29BAF01D812B430054E0BB /* Gratuityp */;
			targetProxy = DA29BB131D812B430054E0BB /* PBXContainerItemProxy */;
		};
/* End PBXTargetDependency section */

/* Begin PBXVariantGroup section */
		DA29BAFA1D812B430054E0BB /* Main.storyboard */ = {
			isa = PBXVariantGroup;
			children = (
				DA29BAFB1D812B430054E0BB /* Base */,
			);
			name = Main.storyboard;
			sourceTree = "<group>";
		};
		DA29BAFF1D812B430054E0BB /* LaunchScreen.storyboard */ = {
			isa = PBXVariantGroup;
			children = (
				DA29BB001D812B430054E0BB /* Base */,
			);
			name = LaunchScreen.storyboard;
			sourceTree = "<group>";
		};
/* End PBXVariantGroup section */

/* Begin XCBuildConfiguration section */
		DA29BB191D812B430054E0BB /* Debug */ = {
			isa = XCBuildConfiguration;
			buildSettings = {
				ALWAYS_SEARCH_USER_PATHS = NO;
				CLANG_ANALYZER_NONNULL = YES;
				CLANG_CXX_LANGUAGE_STANDARD = "gnu++0x";
				CLANG_CXX_LIBRARY = "libc++";
				CLANG_ENABLE_MODULES = YES;
				CLANG_ENABLE_OBJC_ARC = YES;
				CLANG_WARN_BOOL_CONVERSION = YES;
				CLANG_WARN_CONSTANT_CONVERSION = YES;
				CLANG_WARN_DIRECT_OBJC_ISA_USAGE = YES_ERROR;
				CLANG_WARN_EMPTY_BODY = YES;
				CLANG_WARN_ENUM_CONVERSION = YES;
				CLANG_WARN_INT_CONVERSION = YES;
				CLANG_WARN_OBJC_ROOT_CLASS = YES_ERROR;
				CLANG_WARN_UNREACHABLE_CODE = YES;
				CLANG_WARN__DUPLICATE_METHOD_MATCH = YES;
				"CODE_SIGN_IDENTITY[sdk=iphoneos*]" = "iPhone Developer";
				COPY_PHASE_STRIP = NO;
				DEBUG_INFORMATION_FORMAT = dwarf;
				ENABLE_STRICT_OBJC_MSGSEND = YES;
				ENABLE_TESTABILITY = YES;
				GCC_C_LANGUAGE_STANDARD = gnu99;
				GCC_DYNAMIC_NO_PIC = NO;
				GCC_NO_COMMON_BLOCKS = YES;
				GCC_OPTIMIZATION_LEVEL = 0;
				GCC_PREPROCESSOR_DEFINITIONS = (
					"DEBUG=1",
					"$(inherited)",
				);
				GCC_WARN_64_TO_32_BIT_CONVERSION = YES;
				GCC_WARN_ABOUT_RETURN_TYPE = YES_ERROR;
				GCC_WARN_UNDECLARED_SELECTOR = YES;
				GCC_WARN_UNINITIALIZED_AUTOS = YES_AGGRESSIVE;
				GCC_WARN_UNUSED_FUNCTION = YES;
				GCC_WARN_UNUSED_VARIABLE = YES;
				IPHONEOS_DEPLOYMENT_TARGET = 9.3;
				MTL_ENABLE_DEBUG_INFO = YES;
				ONLY_ACTIVE_ARCH = YES;
				SDKROOT = iphoneos;
				SWIFT_OPTIMIZATION_LEVEL = "-Onone";
				TARGETED_DEVICE_FAMILY = "1,2";
			};
			name = Debug;
		};
		DA29BB1A1D812B430054E0BB /* Release */ = {
			isa = XCBuildConfiguration;
			buildSettings = {
				ALWAYS_SEARCH_USER_PATHS = NO;
				CLANG_ANALYZER_NONNULL = YES;
				CLANG_CXX_LANGUAGE_STANDARD = "gnu++0x";
				CLANG_CXX_LIBRARY = "libc++";
				CLANG_ENABLE_MODULES = YES;
				CLANG_ENABLE_OBJC_ARC = YES;
				CLANG_WARN_BOOL_CONVERSION = YES;
				CLANG_WARN_CONSTANT_CONVERSION = YES;
				CLANG_WARN_DIRECT_OBJC_ISA_USAGE = YES_ERROR;
				CLANG_WARN_EMPTY_BODY = YES;
				CLANG_WARN_ENUM_CONVERSION = YES;
				CLANG_WARN_INT_CONVERSION = YES;
				CLANG_WARN_OBJC_ROOT_CLASS = YES_ERROR;
				CLANG_WARN_UNREACHABLE_CODE = YES;
				CLANG_WARN__DUPLICATE_METHOD_MATCH = YES;
				"CODE_SIGN_IDENTITY[sdk=iphoneos*]" = "iPhone Developer";
				COPY_PHASE_STRIP = NO;
				DEBUG_INFORMATION_FORMAT = "dwarf-with-dsym";
				ENABLE_NS_ASSERTIONS = NO;
				ENABLE_STRICT_OBJC_MSGSEND = YES;
				GCC_C_LANGUAGE_STANDARD = gnu99;
				GCC_NO_COMMON_BLOCKS = YES;
				GCC_WARN_64_TO_32_BIT_CONVERSION = YES;
				GCC_WARN_ABOUT_RETURN_TYPE = YES_ERROR;
				GCC_WARN_UNDECLARED_SELECTOR = YES;
				GCC_WARN_UNINITIALIZED_AUTOS = YES_AGGRESSIVE;
				GCC_WARN_UNUSED_FUNCTION = YES;
				GCC_WARN_UNUSED_VARIABLE = YES;
				IPHONEOS_DEPLOYMENT_TARGET = 9.3;
				MTL_ENABLE_DEBUG_INFO = NO;
				SDKROOT = iphoneos;
				TARGETED_DEVICE_FAMILY = "1,2";
				VALIDATE_PRODUCT = YES;
			};
			name = Release;
		};
		DA29BB1C1D812B430054E0BB /* Debug */ = {
			isa = XCBuildConfiguration;
			buildSettings = {
				ASSETCATALOG_COMPILER_APPICON_NAME = AppIcon;
				CODE_SIGN_IDENTITY = "iPhone Developer";
				"CODE_SIGN_IDENTITY[sdk=iphoneos*]" = "iPhone Developer";
				INFOPLIST_FILE = Gratuityp/Info.plist;
				LD_RUNPATH_SEARCH_PATHS = "$(inherited) @executable_path/Frameworks";
				PRODUCT_BUNDLE_IDENTIFIER = Gratuityp.com.Gratuityp;
				PRODUCT_NAME = "$(TARGET_NAME)";
				PROVISIONING_PROFILE = "";
			};
			name = Debug;
		};
		DA29BB1D1D812B430054E0BB /* Release */ = {
			isa = XCBuildConfiguration;
			buildSettings = {
				ASSETCATALOG_COMPILER_APPICON_NAME = AppIcon;
				CODE_SIGN_IDENTITY = "iPhone Developer";
				"CODE_SIGN_IDENTITY[sdk=iphoneos*]" = "iPhone Developer";
				INFOPLIST_FILE = Gratuityp/Info.plist;
				LD_RUNPATH_SEARCH_PATHS = "$(inherited) @executable_path/Frameworks";
				PRODUCT_BUNDLE_IDENTIFIER = Gratuityp.com.Gratuityp;
				PRODUCT_NAME = "$(TARGET_NAME)";
				PROVISIONING_PROFILE = "";
			};
			name = Release;
		};
		DA29BB1F1D812B430054E0BB /* Debug */ = {
			isa = XCBuildConfiguration;
			buildSettings = {
				BUNDLE_LOADER = "$(TEST_HOST)";
				INFOPLIST_FILE = GratuitypTests/Info.plist;
				LD_RUNPATH_SEARCH_PATHS = "$(inherited) @executable_path/Frameworks @loader_path/Frameworks";
				PRODUCT_BUNDLE_IDENTIFIER = Gratuityp.com.GratuitypTests;
				PRODUCT_NAME = "$(TARGET_NAME)";
				TEST_HOST = "$(BUILT_PRODUCTS_DIR)/Gratuityp.app/Gratuityp";
			};
			name = Debug;
		};
		DA29BB201D812B430054E0BB /* Release */ = {
			isa = XCBuildConfiguration;
			buildSettings = {
				BUNDLE_LOADER = "$(TEST_HOST)";
				INFOPLIST_FILE = GratuitypTests/Info.plist;
				LD_RUNPATH_SEARCH_PATHS = "$(inherited) @executable_path/Frameworks @loader_path/Frameworks";
				PRODUCT_BUNDLE_IDENTIFIER = Gratuityp.com.GratuitypTests;
				PRODUCT_NAME = "$(TARGET_NAME)";
				TEST_HOST = "$(BUILT_PRODUCTS_DIR)/Gratuityp.app/Gratuityp";
			};
			name = Release;
		};
		DA29BB221D812B430054E0BB /* Debug */ = {
			isa = XCBuildConfiguration;
			buildSettings = {
				INFOPLIST_FILE = GratuitypUITests/Info.plist;
				LD_RUNPATH_SEARCH_PATHS = "$(inherited) @executable_path/Frameworks @loader_path/Frameworks";
				PRODUCT_BUNDLE_IDENTIFIER = Gratuityp.com.GratuitypUITests;
				PRODUCT_NAME = "$(TARGET_NAME)";
				TEST_TARGET_NAME = Gratuityp;
			};
			name = Debug;
		};
		DA29BB231D812B430054E0BB /* Release */ = {
			isa = XCBuildConfiguration;
			buildSettings = {
				INFOPLIST_FILE = GratuitypUITests/Info.plist;
				LD_RUNPATH_SEARCH_PATHS = "$(inherited) @executable_path/Frameworks @loader_path/Frameworks";
				PRODUCT_BUNDLE_IDENTIFIER = Gratuityp.com.GratuitypUITests;
				PRODUCT_NAME = "$(TARGET_NAME)";
				TEST_TARGET_NAME = Gratuityp;
			};
			name = Release;
		};
/* End XCBuildConfiguration section */

/* Begin XCConfigurationList section */
		DA29BAEC1D812B430054E0BB /* Build configuration list for PBXProject "Gratuityp" */ = {
			isa = XCConfigurationList;
			buildConfigurations = (
				DA29BB191D812B430054E0BB /* Debug */,
				DA29BB1A1D812B430054E0BB /* Release */,
			);
			defaultConfigurationIsVisible = 0;
			defaultConfigurationName = Release;
		};
		DA29BB1B1D812B430054E0BB /* Build configuration list for PBXNativeTarget "Gratuityp" */ = {
			isa = XCConfigurationList;
			buildConfigurations = (
				DA29BB1C1D812B430054E0BB /* Debug */,
				DA29BB1D1D812B430054E0BB /* Release */,
			);
			defaultConfigurationIsVisible = 0;
			defaultConfigurationName = Release;
		};
		DA29BB1E1D812B430054E0BB /* Build configuration list for PBXNativeTarget "GratuitypTests" */ = {
			isa = XCConfigurationList;
			buildConfigurations = (
				DA29BB1F1D812B430054E0BB /* Debug */,
				DA29BB201D812B430054E0BB /* Release */,
			);
			defaultConfigurationIsVisible = 0;
			defaultConfigurationName = Release;
		};
		DA29BB211D812B430054E0BB /* Build configuration list for PBXNativeTarget "GratuitypUITests" */ = {
			isa = XCConfigurationList;
			buildConfigurations = (
				DA29BB221D812B430054E0BB /* Debug */,
				DA29BB231D812B430054E0BB /* Release */,
			);
			defaultConfigurationIsVisible = 0;
			defaultConfigurationName = Release;
		};
/* End XCConfigurationList section */
	};
	rootObject = DA29BAE91D812B430054E0BB /* Project object */;
}
